
Microsoft Visual Studio Solution File, Format Version 12.00
# Visual Studio Version 17
VisualStudioVersion = 17.3.32901.215
MinimumVisualStudioVersion = 10.0.40219.1
Project("{9A19103F-16F7-4668-BE54-9A1E7A4F7556}") = "Abp.FamilyTree.Domain", "src\Abp.FamilyTree.Domain\Abp.FamilyTree.Domain.csproj", "{554AD327-6DBA-4F8F-96F8-81CE7A0C863F}"
EndProject
Project("{9A19103F-16F7-4668-BE54-9A1E7A4F7556}") = "Alien.TestBase", "modules\Alien\test\Alien.TestBase\Alien.TestBase.csproj", "{229D2D27-4651-446C-9C1E-AD9A667F06D6}"
EndProject
Project("{9A19103F-16F7-4668-BE54-9A1E7A4F7556}") = "Alien.HttpApi.Client.ConsoleTestApp", "modules\Alien\test\Alien.HttpApi.Client.ConsoleTestApp\Alien.HttpApi.Client.ConsoleTestApp.csproj", "{82F9D37F-EC29-467B-8E44-39E3E79B52C8}"
EndProject
Project("{9A19103F-16F7-4668-BE54-9A1E7A4F7556}") = "Alien.EntityFrameworkCore.Tests", "modules\Alien\test\Alien.EntityFrameworkCore.Tests\Alien.EntityFrameworkCore.Tests.csproj", "{C376D223-2F36-46F6-83CE-C9DE6BA89FC4}"
EndProject
Project("{9A19103F-16F7-4668-BE54-9A1E7A4F7556}") = "Alien.Domain.Tests", "modules\Alien\test\Alien.Domain.Tests\Alien.Domain.Tests.csproj", "{E543E39A-E922-4B41-8C24-E0B91B8995B8}"
EndProject
Project("{9A19103F-16F7-4668-BE54-9A1E7A4F7556}") = "Alien.Application.Tests", "modules\Alien\test\Alien.Application.Tests\Alien.Application.Tests.csproj", "{ED0B4E66-2A9D-4871-AEAE-0B8DF0E8F46D}"
EndProject
Project("{9A19103F-16F7-4668-BE54-9A1E7A4F7556}") = "Alien.Web", "modules\Alien\src\Alien.Web\Alien.Web.csproj", "{BB1BCF97-A282-421E-B919-9FAE8B18CAF6}"
EndProject
Project("{9A19103F-16F7-4668-BE54-9A1E7A4F7556}") = "Alien.Installer", "modules\Alien\src\Alien.Installer\Alien.Installer.csproj", "{A2090782-194B-4EF6-BB01-B077BBF74437}"
EndProject
Project("{9A19103F-16F7-4668-BE54-9A1E7A4F7556}") = "Alien.HttpApi.Client", "modules\Alien\src\Alien.HttpApi.Client\Alien.HttpApi.Client.csproj", "{AE588689-6C80-4087-BF0D-D809684635BC}"
EndProject
Project("{9A19103F-16F7-4668-BE54-9A1E7A4F7556}") = "Alien.HttpApi", "modules\Alien\src\Alien.HttpApi\Alien.HttpApi.csproj", "{C5AE1436-5757-4235-83AA-459E2E4DDE1B}"
EndProject
Project("{9A19103F-16F7-4668-BE54-9A1E7A4F7556}") = "Alien.EntityFrameworkCore", "modules\Alien\src\Alien.EntityFrameworkCore\Alien.EntityFrameworkCore.csproj", "{0724E9CD-2F59-40FC-B132-162629AB0516}"
EndProject
Project("{9A19103F-16F7-4668-BE54-9A1E7A4F7556}") = "Alien.Domain.Shared", "modules\Alien\src\Alien.Domain.Shared\Alien.Domain.Shared.csproj", "{C5388250-ACD1-4AB3-BE99-52982DBF7BC4}"
EndProject
Project("{9A19103F-16F7-4668-BE54-9A1E7A4F7556}") = "Alien.Domain", "modules\Alien\src\Alien.Domain\Alien.Domain.csproj", "{2350F64A-4247-48EE-9F16-6AAE0ACC512E}"
EndProject
Project("{9A19103F-16F7-4668-BE54-9A1E7A4F7556}") = "Alien.Application.Contracts", "modules\Alien\src\Alien.Application.Contracts\Alien.Application.Contracts.csproj", "{DAEA701D-36A8-4200-8E48-758368168A19}"
EndProject
Project("{9A19103F-16F7-4668-BE54-9A1E7A4F7556}") = "Alien.Application", "modules\Alien\src\Alien.Application\Alien.Application.csproj", "{A8042667-738B-486F-99B5-14A4FDB13F67}"
EndProject
Project("{2150E333-8FDC-42A3-9474-1A3956D46DE8}") = "Alien.Tests", "Alien.Tests", "{E610B05F-AD37-4F67-ADF5-4A7CF3CCE1E6}"
EndProject
Project("{2150E333-8FDC-42A3-9474-1A3956D46DE8}") = "Alien", "Alien", "{AC7FBDB4-0CA9-4C41-8ECD-28BB24A68A19}"
EndProject
Project("{9A19103F-16F7-4668-BE54-9A1E7A4F7556}") = "Human.TestBase", "modules\Human\test\Human.TestBase\Human.TestBase.csproj", "{1000480E-FED4-4459-9CAF-7297C89A751C}"
EndProject
Project("{9A19103F-16F7-4668-BE54-9A1E7A4F7556}") = "Human.HttpApi.Client.ConsoleTestApp", "modules\Human\test\Human.HttpApi.Client.ConsoleTestApp\Human.HttpApi.Client.ConsoleTestApp.csproj", "{79487B50-0FAD-4BEA-8536-DAC2951D9733}"
EndProject
Project("{9A19103F-16F7-4668-BE54-9A1E7A4F7556}") = "Human.EntityFrameworkCore.Tests", "modules\Human\test\Human.EntityFrameworkCore.Tests\Human.EntityFrameworkCore.Tests.csproj", "{BF546720-9CDA-4B46-A1B5-F83B75FAECE1}"
EndProject
Project("{9A19103F-16F7-4668-BE54-9A1E7A4F7556}") = "Human.Domain.Tests", "modules\Human\test\Human.Domain.Tests\Human.Domain.Tests.csproj", "{43451CCC-6B09-4B06-9D48-263BDE075999}"
EndProject
Project("{9A19103F-16F7-4668-BE54-9A1E7A4F7556}") = "Human.Application.Tests", "modules\Human\test\Human.Application.Tests\Human.Application.Tests.csproj", "{B72528FD-7CC8-4778-BCC2-659CF6057DED}"
EndProject
Project("{9A19103F-16F7-4668-BE54-9A1E7A4F7556}") = "Human.Web", "modules\Human\src\Human.Web\Human.Web.csproj", "{FB67D134-61DE-4178-8FCA-50EA3AB27C1D}"
EndProject
Project("{9A19103F-16F7-4668-BE54-9A1E7A4F7556}") = "Human.Installer", "modules\Human\src\Human.Installer\Human.Installer.csproj", "{F1E01505-7CBE-4B61-AB7C-44C07757B22F}"
EndProject
Project("{9A19103F-16F7-4668-BE54-9A1E7A4F7556}") = "Human.HttpApi.Client", "modules\Human\src\Human.HttpApi.Client\Human.HttpApi.Client.csproj", "{F0BB899E-995D-477B-9CA9-7F3F23FB95DC}"
EndProject
Project("{9A19103F-16F7-4668-BE54-9A1E7A4F7556}") = "Human.HttpApi", "modules\Human\src\Human.HttpApi\Human.HttpApi.csproj", "{7F610334-8A94-489F-A5B5-AEDECD0F03A2}"
EndProject
Project("{9A19103F-16F7-4668-BE54-9A1E7A4F7556}") = "Human.EntityFrameworkCore", "modules\Human\src\Human.EntityFrameworkCore\Human.EntityFrameworkCore.csproj", "{7E431A25-49BA-42E7-8625-752E20C2984C}"
EndProject
Project("{9A19103F-16F7-4668-BE54-9A1E7A4F7556}") = "Human.Domain.Shared", "modules\Human\src\Human.Domain.Shared\Human.Domain.Shared.csproj", "{87C2CFED-6EA5-4FE2-AF09-1C15EF177EE0}"
EndProject
Project("{9A19103F-16F7-4668-BE54-9A1E7A4F7556}") = "Human.Domain", "modules\Human\src\Human.Domain\Human.Domain.csproj", "{807C447B-F5FB-44AD-B274-E1148A18F643}"
EndProject
Project("{9A19103F-16F7-4668-BE54-9A1E7A4F7556}") = "Human.Application.Contracts", "modules\Human\src\Human.Application.Contracts\Human.Application.Contracts.csproj", "{EFF2B2D9-95C2-4337-BF88-5F1ABB0FE8EA}"
EndProject
Project("{9A19103F-16F7-4668-BE54-9A1E7A4F7556}") = "Human.Application", "modules\Human\src\Human.Application\Human.Application.csproj", "{F803574E-98D6-406A-B82C-8848869C9127}"
EndProject
Project("{2150E333-8FDC-42A3-9474-1A3956D46DE8}") = "Human.Tests", "Human.Tests", "{7EFA57E7-90D0-42EE-864A-A0A70E5FE355}"
EndProject
Project("{2150E333-8FDC-42A3-9474-1A3956D46DE8}") = "Human", "Human", "{30BCD36D-2E9C-455D-AE21-C06F20DE1D8E}"
EndProject
Project("{9A19103F-16F7-4668-BE54-9A1E7A4F7556}") = "Species.TestBase", "modules\Species\test\Species.TestBase\Species.TestBase.csproj", "{265E02DF-C9FC-4851-BBC9-D0355BB9B759}"
EndProject
Project("{9A19103F-16F7-4668-BE54-9A1E7A4F7556}") = "Species.HttpApi.Client.ConsoleTestApp", "modules\Species\test\Species.HttpApi.Client.ConsoleTestApp\Species.HttpApi.Client.ConsoleTestApp.csproj", "{204C39CB-386B-418B-A204-D529AB3C7314}"
EndProject
Project("{9A19103F-16F7-4668-BE54-9A1E7A4F7556}") = "Species.EntityFrameworkCore.Tests", "modules\Species\test\Species.EntityFrameworkCore.Tests\Species.EntityFrameworkCore.Tests.csproj", "{E988A0D1-43CA-4E79-8EA6-B30E4CB170F8}"
EndProject
Project("{9A19103F-16F7-4668-BE54-9A1E7A4F7556}") = "Species.Domain.Tests", "modules\Species\test\Species.Domain.Tests\Species.Domain.Tests.csproj", "{0AAD54D7-67C6-4654-BBF7-FACD83A93299}"
EndProject
Project("{9A19103F-16F7-4668-BE54-9A1E7A4F7556}") = "Species.Application.Tests", "modules\Species\test\Species.Application.Tests\Species.Application.Tests.csproj", "{6ED57843-2168-4963-B147-D611716B0447}"
EndProject
Project("{9A19103F-16F7-4668-BE54-9A1E7A4F7556}") = "Species.Web", "modules\Species\src\Species.Web\Species.Web.csproj", "{DCD61C0F-255A-4AC9-9DA5-3BB9199B57DA}"
EndProject
Project("{9A19103F-16F7-4668-BE54-9A1E7A4F7556}") = "Species.Installer", "modules\Species\src\Species.Installer\Species.Installer.csproj", "{2222C00C-EC1B-4E9A-8DBC-B1DE22FB5B4D}"
EndProject
Project("{9A19103F-16F7-4668-BE54-9A1E7A4F7556}") = "Species.HttpApi.Client", "modules\Species\src\Species.HttpApi.Client\Species.HttpApi.Client.csproj", "{13FD59D9-797C-4006-938B-FC1708B07EB9}"
EndProject
Project("{9A19103F-16F7-4668-BE54-9A1E7A4F7556}") = "Species.HttpApi", "modules\Species\src\Species.HttpApi\Species.HttpApi.csproj", "{E8D52439-C341-4C46-A6AE-F112BB56B2E5}"
EndProject
Project("{9A19103F-16F7-4668-BE54-9A1E7A4F7556}") = "Species.EntityFrameworkCore", "modules\Species\src\Species.EntityFrameworkCore\Species.EntityFrameworkCore.csproj", "{541D50A2-C5A7-452B-8279-1524520A919B}"
EndProject
Project("{9A19103F-16F7-4668-BE54-9A1E7A4F7556}") = "Species.Domain.Shared", "modules\Species\src\Species.Domain.Shared\Species.Domain.Shared.csproj", "{C7624C93-1EB5-4754-B2FF-1ADDBA53CAA2}"
EndProject
Project("{9A19103F-16F7-4668-BE54-9A1E7A4F7556}") = "Species.Domain", "modules\Species\src\Species.Domain\Species.Domain.csproj", "{9036B1C1-D424-4DE0-A4E6-65FA1E50B47A}"
EndProject
Project("{9A19103F-16F7-4668-BE54-9A1E7A4F7556}") = "Species.Application.Contracts", "modules\Species\src\Species.Application.Contracts\Species.Application.Contracts.csproj", "{F8852DA0-6ECE-488A-828F-CD464A0DE522}"
EndProject
Project("{9A19103F-16F7-4668-BE54-9A1E7A4F7556}") = "Species.Application", "modules\Species\src\Species.Application\Species.Application.csproj", "{8F4E8172-BD1C-4881-9F63-E07B97990A43}"
EndProject
Project("{2150E333-8FDC-42A3-9474-1A3956D46DE8}") = "Species.Tests", "Species.Tests", "{437151C7-915B-4700-A897-CD9F6409E4C5}"
EndProject
Project("{2150E333-8FDC-42A3-9474-1A3956D46DE8}") = "Species", "Species", "{3B6DA6A3-D31E-4045-8ED3-417EAC127AFE}"
EndProject
Project("{2150E333-8FDC-42A3-9474-1A3956D46DE8}") = "modules", "modules", "{FB74C484-8127-4404-BBA0-34136E89E9FD}"
EndProject
Project("{9A19103F-16F7-4668-BE54-9A1E7A4F7556}") = "Abp.FamilyTree.Application", "src\Abp.FamilyTree.Application\Abp.FamilyTree.Application.csproj", "{1A94A50E-06DC-43C1-80B5-B662820EC3EB}"
EndProject
Project("{9A19103F-16F7-4668-BE54-9A1E7A4F7556}") = "Abp.FamilyTree.EntityFrameworkCore", "src\Abp.FamilyTree.EntityFrameworkCore\Abp.FamilyTree.EntityFrameworkCore.csproj", "{C956DD76-69C8-4A9C-83EA-D17DF83340FD}"
EndProject
Project("{9A19103F-16F7-4668-BE54-9A1E7A4F7556}") = "Abp.FamilyTree.Web", "src\Abp.FamilyTree.Web\Abp.FamilyTree.Web.csproj", "{068855E8-9240-4F1A-910B-CF825794513B}"
EndProject
Project("{2150E333-8FDC-42A3-9474-1A3956D46DE8}") = "src", "src", "{CA9AC87F-097E-4F15-8393-4BC07735A5B0}"
EndProject
Project("{2150E333-8FDC-42A3-9474-1A3956D46DE8}") = "test", "test", "{04DBDB01-70F4-4E06-B468-8F87850B22BE}"
EndProject
Project("{9A19103F-16F7-4668-BE54-9A1E7A4F7556}") = "Abp.FamilyTree.Application.Tests", "test\Abp.FamilyTree.Application.Tests\Abp.FamilyTree.Application.Tests.csproj", "{50B2631D-129C-47B3-A587-029CCD6099BC}"
EndProject
Project("{9A19103F-16F7-4668-BE54-9A1E7A4F7556}") = "Abp.FamilyTree.Web.Tests", "test\Abp.FamilyTree.Web.Tests\Abp.FamilyTree.Web.Tests.csproj", "{5F1B28C6-8D0C-4155-92D0-252F7EA5F674}"
EndProject
Project("{9A19103F-16F7-4668-BE54-9A1E7A4F7556}") = "Abp.FamilyTree.Domain.Shared", "src\Abp.FamilyTree.Domain.Shared\Abp.FamilyTree.Domain.Shared.csproj", "{42F719ED-8413-4895-B5B4-5AB56079BC66}"
EndProject
Project("{9A19103F-16F7-4668-BE54-9A1E7A4F7556}") = "Abp.FamilyTree.Application.Contracts", "src\Abp.FamilyTree.Application.Contracts\Abp.FamilyTree.Application.Contracts.csproj", "{520659C8-C734-4298-A3DA-B539DB9DFC0B}"
EndProject
Project("{9A19103F-16F7-4668-BE54-9A1E7A4F7556}") = "Abp.FamilyTree.HttpApi", "src\Abp.FamilyTree.HttpApi\Abp.FamilyTree.HttpApi.csproj", "{4164BDF7-F527-4E85-9CE6-E3C2D7426A27}"
EndProject
Project("{9A19103F-16F7-4668-BE54-9A1E7A4F7556}") = "Abp.FamilyTree.HttpApi.Client", "src\Abp.FamilyTree.HttpApi.Client\Abp.FamilyTree.HttpApi.Client.csproj", "{3B5A0094-670D-4BB1-BFDD-61B88A8773DC}"
EndProject
Project("{9A19103F-16F7-4668-BE54-9A1E7A4F7556}") = "Abp.FamilyTree.EntityFrameworkCore.Tests", "test\Abp.FamilyTree.EntityFrameworkCore.Tests\Abp.FamilyTree.EntityFrameworkCore.Tests.csproj", "{1FE30EB9-74A9-47F5-A9F6-7B1FAB672D81}"
EndProject
Project("{9A19103F-16F7-4668-BE54-9A1E7A4F7556}") = "Abp.FamilyTree.TestBase", "test\Abp.FamilyTree.TestBase\Abp.FamilyTree.TestBase.csproj", "{91853F21-9CD9-4132-BC29-A7D5D84FFFE7}"
EndProject
Project("{9A19103F-16F7-4668-BE54-9A1E7A4F7556}") = "Abp.FamilyTree.Domain.Tests", "test\Abp.FamilyTree.Domain.Tests\Abp.FamilyTree.Domain.Tests.csproj", "{E512F4D9-9375-480F-A2F6-A46509F9D824}"
EndProject
Project("{9A19103F-16F7-4668-BE54-9A1E7A4F7556}") = "Abp.FamilyTree.HttpApi.Client.ConsoleTestApp", "test\Abp.FamilyTree.HttpApi.Client.ConsoleTestApp\Abp.FamilyTree.HttpApi.Client.ConsoleTestApp.csproj", "{EF480016-9127-4916-8735-D2466BDBC582}"
EndProject
Project("{9A19103F-16F7-4668-BE54-9A1E7A4F7556}") = "Abp.FamilyTree.DbMigrator", "src\Abp.FamilyTree.DbMigrator\Abp.FamilyTree.DbMigrator.csproj", "{AA94D832-1CCC-4715-95A9-A483F23A1A5D}"
EndProject
Global
	GlobalSection(SolutionConfigurationPlatforms) = preSolution
		Debug|Any CPU = Debug|Any CPU
		Release|Any CPU = Release|Any CPU
	EndGlobalSection
	GlobalSection(ProjectConfigurationPlatforms) = postSolution
		{554AD327-6DBA-4F8F-96F8-81CE7A0C863F}.Debug|Any CPU.ActiveCfg = Debug|Any CPU
		{554AD327-6DBA-4F8F-96F8-81CE7A0C863F}.Debug|Any CPU.Build.0 = Debug|Any CPU
		{554AD327-6DBA-4F8F-96F8-81CE7A0C863F}.Release|Any CPU.ActiveCfg = Release|Any CPU
		{554AD327-6DBA-4F8F-96F8-81CE7A0C863F}.Release|Any CPU.Build.0 = Release|Any CPU
		{229D2D27-4651-446C-9C1E-AD9A667F06D6}.Debug|Any CPU.ActiveCfg = Debug|Any CPU
		{229D2D27-4651-446C-9C1E-AD9A667F06D6}.Debug|Any CPU.Build.0 = Debug|Any CPU
		{229D2D27-4651-446C-9C1E-AD9A667F06D6}.Release|Any CPU.ActiveCfg = Release|Any CPU
		{229D2D27-4651-446C-9C1E-AD9A667F06D6}.Release|Any CPU.Build.0 = Release|Any CPU
		{82F9D37F-EC29-467B-8E44-39E3E79B52C8}.Debug|Any CPU.ActiveCfg = Debug|Any CPU
		{82F9D37F-EC29-467B-8E44-39E3E79B52C8}.Debug|Any CPU.Build.0 = Debug|Any CPU
		{82F9D37F-EC29-467B-8E44-39E3E79B52C8}.Release|Any CPU.ActiveCfg = Release|Any CPU
		{82F9D37F-EC29-467B-8E44-39E3E79B52C8}.Release|Any CPU.Build.0 = Release|Any CPU
		{C376D223-2F36-46F6-83CE-C9DE6BA89FC4}.Debug|Any CPU.ActiveCfg = Debug|Any CPU
		{C376D223-2F36-46F6-83CE-C9DE6BA89FC4}.Debug|Any CPU.Build.0 = Debug|Any CPU
		{C376D223-2F36-46F6-83CE-C9DE6BA89FC4}.Release|Any CPU.ActiveCfg = Release|Any CPU
		{C376D223-2F36-46F6-83CE-C9DE6BA89FC4}.Release|Any CPU.Build.0 = Release|Any CPU
		{E543E39A-E922-4B41-8C24-E0B91B8995B8}.Debug|Any CPU.ActiveCfg = Debug|Any CPU
		{E543E39A-E922-4B41-8C24-E0B91B8995B8}.Debug|Any CPU.Build.0 = Debug|Any CPU
		{E543E39A-E922-4B41-8C24-E0B91B8995B8}.Release|Any CPU.ActiveCfg = Release|Any CPU
		{E543E39A-E922-4B41-8C24-E0B91B8995B8}.Release|Any CPU.Build.0 = Release|Any CPU
		{ED0B4E66-2A9D-4871-AEAE-0B8DF0E8F46D}.Debug|Any CPU.ActiveCfg = Debug|Any CPU
		{ED0B4E66-2A9D-4871-AEAE-0B8DF0E8F46D}.Debug|Any CPU.Build.0 = Debug|Any CPU
		{ED0B4E66-2A9D-4871-AEAE-0B8DF0E8F46D}.Release|Any CPU.ActiveCfg = Release|Any CPU
		{ED0B4E66-2A9D-4871-AEAE-0B8DF0E8F46D}.Release|Any CPU.Build.0 = Release|Any CPU
		{BB1BCF97-A282-421E-B919-9FAE8B18CAF6}.Debug|Any CPU.ActiveCfg = Debug|Any CPU
		{BB1BCF97-A282-421E-B919-9FAE8B18CAF6}.Debug|Any CPU.Build.0 = Debug|Any CPU
		{BB1BCF97-A282-421E-B919-9FAE8B18CAF6}.Release|Any CPU.ActiveCfg = Release|Any CPU
		{BB1BCF97-A282-421E-B919-9FAE8B18CAF6}.Release|Any CPU.Build.0 = Release|Any CPU
		{A2090782-194B-4EF6-BB01-B077BBF74437}.Debug|Any CPU.ActiveCfg = Debug|Any CPU
		{A2090782-194B-4EF6-BB01-B077BBF74437}.Debug|Any CPU.Build.0 = Debug|Any CPU
		{A2090782-194B-4EF6-BB01-B077BBF74437}.Release|Any CPU.ActiveCfg = Release|Any CPU
		{A2090782-194B-4EF6-BB01-B077BBF74437}.Release|Any CPU.Build.0 = Release|Any CPU
		{AE588689-6C80-4087-BF0D-D809684635BC}.Debug|Any CPU.ActiveCfg = Debug|Any CPU
		{AE588689-6C80-4087-BF0D-D809684635BC}.Debug|Any CPU.Build.0 = Debug|Any CPU
		{AE588689-6C80-4087-BF0D-D809684635BC}.Release|Any CPU.ActiveCfg = Release|Any CPU
		{AE588689-6C80-4087-BF0D-D809684635BC}.Release|Any CPU.Build.0 = Release|Any CPU
		{C5AE1436-5757-4235-83AA-459E2E4DDE1B}.Debug|Any CPU.ActiveCfg = Debug|Any CPU
		{C5AE1436-5757-4235-83AA-459E2E4DDE1B}.Debug|Any CPU.Build.0 = Debug|Any CPU
		{C5AE1436-5757-4235-83AA-459E2E4DDE1B}.Release|Any CPU.ActiveCfg = Release|Any CPU
		{C5AE1436-5757-4235-83AA-459E2E4DDE1B}.Release|Any CPU.Build.0 = Release|Any CPU
		{0724E9CD-2F59-40FC-B132-162629AB0516}.Debug|Any CPU.ActiveCfg = Debug|Any CPU
		{0724E9CD-2F59-40FC-B132-162629AB0516}.Debug|Any CPU.Build.0 = Debug|Any CPU
		{0724E9CD-2F59-40FC-B132-162629AB0516}.Release|Any CPU.ActiveCfg = Release|Any CPU
		{0724E9CD-2F59-40FC-B132-162629AB0516}.Release|Any CPU.Build.0 = Release|Any CPU
		{C5388250-ACD1-4AB3-BE99-52982DBF7BC4}.Debug|Any CPU.ActiveCfg = Debug|Any CPU
		{C5388250-ACD1-4AB3-BE99-52982DBF7BC4}.Debug|Any CPU.Build.0 = Debug|Any CPU
		{C5388250-ACD1-4AB3-BE99-52982DBF7BC4}.Release|Any CPU.ActiveCfg = Release|Any CPU
		{C5388250-ACD1-4AB3-BE99-52982DBF7BC4}.Release|Any CPU.Build.0 = Release|Any CPU
		{2350F64A-4247-48EE-9F16-6AAE0ACC512E}.Debug|Any CPU.ActiveCfg = Debug|Any CPU
		{2350F64A-4247-48EE-9F16-6AAE0ACC512E}.Debug|Any CPU.Build.0 = Debug|Any CPU
		{2350F64A-4247-48EE-9F16-6AAE0ACC512E}.Release|Any CPU.ActiveCfg = Release|Any CPU
		{2350F64A-4247-48EE-9F16-6AAE0ACC512E}.Release|Any CPU.Build.0 = Release|Any CPU
		{DAEA701D-36A8-4200-8E48-758368168A19}.Debug|Any CPU.ActiveCfg = Debug|Any CPU
		{DAEA701D-36A8-4200-8E48-758368168A19}.Debug|Any CPU.Build.0 = Debug|Any CPU
		{DAEA701D-36A8-4200-8E48-758368168A19}.Release|Any CPU.ActiveCfg = Release|Any CPU
		{DAEA701D-36A8-4200-8E48-758368168A19}.Release|Any CPU.Build.0 = Release|Any CPU
		{A8042667-738B-486F-99B5-14A4FDB13F67}.Debug|Any CPU.ActiveCfg = Debug|Any CPU
		{A8042667-738B-486F-99B5-14A4FDB13F67}.Debug|Any CPU.Build.0 = Debug|Any CPU
		{A8042667-738B-486F-99B5-14A4FDB13F67}.Release|Any CPU.ActiveCfg = Release|Any CPU
		{A8042667-738B-486F-99B5-14A4FDB13F67}.Release|Any CPU.Build.0 = Release|Any CPU
		{1000480E-FED4-4459-9CAF-7297C89A751C}.Debug|Any CPU.ActiveCfg = Debug|Any CPU
		{1000480E-FED4-4459-9CAF-7297C89A751C}.Debug|Any CPU.Build.0 = Debug|Any CPU
		{1000480E-FED4-4459-9CAF-7297C89A751C}.Release|Any CPU.ActiveCfg = Release|Any CPU
		{1000480E-FED4-4459-9CAF-7297C89A751C}.Release|Any CPU.Build.0 = Release|Any CPU
		{79487B50-0FAD-4BEA-8536-DAC2951D9733}.Debug|Any CPU.ActiveCfg = Debug|Any CPU
		{79487B50-0FAD-4BEA-8536-DAC2951D9733}.Debug|Any CPU.Build.0 = Debug|Any CPU
		{79487B50-0FAD-4BEA-8536-DAC2951D9733}.Release|Any CPU.ActiveCfg = Release|Any CPU
		{79487B50-0FAD-4BEA-8536-DAC2951D9733}.Release|Any CPU.Build.0 = Release|Any CPU
		{BF546720-9CDA-4B46-A1B5-F83B75FAECE1}.Debug|Any CPU.ActiveCfg = Debug|Any CPU
		{BF546720-9CDA-4B46-A1B5-F83B75FAECE1}.Debug|Any CPU.Build.0 = Debug|Any CPU
		{BF546720-9CDA-4B46-A1B5-F83B75FAECE1}.Release|Any CPU.ActiveCfg = Release|Any CPU
		{BF546720-9CDA-4B46-A1B5-F83B75FAECE1}.Release|Any CPU.Build.0 = Release|Any CPU
		{43451CCC-6B09-4B06-9D48-263BDE075999}.Debug|Any CPU.ActiveCfg = Debug|Any CPU
		{43451CCC-6B09-4B06-9D48-263BDE075999}.Debug|Any CPU.Build.0 = Debug|Any CPU
		{43451CCC-6B09-4B06-9D48-263BDE075999}.Release|Any CPU.ActiveCfg = Release|Any CPU
		{43451CCC-6B09-4B06-9D48-263BDE075999}.Release|Any CPU.Build.0 = Release|Any CPU
		{B72528FD-7CC8-4778-BCC2-659CF6057DED}.Debug|Any CPU.ActiveCfg = Debug|Any CPU
		{B72528FD-7CC8-4778-BCC2-659CF6057DED}.Debug|Any CPU.Build.0 = Debug|Any CPU
		{B72528FD-7CC8-4778-BCC2-659CF6057DED}.Release|Any CPU.ActiveCfg = Release|Any CPU
		{B72528FD-7CC8-4778-BCC2-659CF6057DED}.Release|Any CPU.Build.0 = Release|Any CPU
		{FB67D134-61DE-4178-8FCA-50EA3AB27C1D}.Debug|Any CPU.ActiveCfg = Debug|Any CPU
		{FB67D134-61DE-4178-8FCA-50EA3AB27C1D}.Debug|Any CPU.Build.0 = Debug|Any CPU
		{FB67D134-61DE-4178-8FCA-50EA3AB27C1D}.Release|Any CPU.ActiveCfg = Release|Any CPU
		{FB67D134-61DE-4178-8FCA-50EA3AB27C1D}.Release|Any CPU.Build.0 = Release|Any CPU
		{F1E01505-7CBE-4B61-AB7C-44C07757B22F}.Debug|Any CPU.ActiveCfg = Debug|Any CPU
		{F1E01505-7CBE-4B61-AB7C-44C07757B22F}.Debug|Any CPU.Build.0 = Debug|Any CPU
		{F1E01505-7CBE-4B61-AB7C-44C07757B22F}.Release|Any CPU.ActiveCfg = Release|Any CPU
		{F1E01505-7CBE-4B61-AB7C-44C07757B22F}.Release|Any CPU.Build.0 = Release|Any CPU
		{F0BB899E-995D-477B-9CA9-7F3F23FB95DC}.Debug|Any CPU.ActiveCfg = Debug|Any CPU
		{F0BB899E-995D-477B-9CA9-7F3F23FB95DC}.Debug|Any CPU.Build.0 = Debug|Any CPU
		{F0BB899E-995D-477B-9CA9-7F3F23FB95DC}.Release|Any CPU.ActiveCfg = Release|Any CPU
		{F0BB899E-995D-477B-9CA9-7F3F23FB95DC}.Release|Any CPU.Build.0 = Release|Any CPU
		{7F610334-8A94-489F-A5B5-AEDECD0F03A2}.Debug|Any CPU.ActiveCfg = Debug|Any CPU
		{7F610334-8A94-489F-A5B5-AEDECD0F03A2}.Debug|Any CPU.Build.0 = Debug|Any CPU
		{7F610334-8A94-489F-A5B5-AEDECD0F03A2}.Release|Any CPU.ActiveCfg = Release|Any CPU
		{7F610334-8A94-489F-A5B5-AEDECD0F03A2}.Release|Any CPU.Build.0 = Release|Any CPU
		{7E431A25-49BA-42E7-8625-752E20C2984C}.Debug|Any CPU.ActiveCfg = Debug|Any CPU
		{7E431A25-49BA-42E7-8625-752E20C2984C}.Debug|Any CPU.Build.0 = Debug|Any CPU
		{7E431A25-49BA-42E7-8625-752E20C2984C}.Release|Any CPU.ActiveCfg = Release|Any CPU
		{7E431A25-49BA-42E7-8625-752E20C2984C}.Release|Any CPU.Build.0 = Release|Any CPU
		{87C2CFED-6EA5-4FE2-AF09-1C15EF177EE0}.Debug|Any CPU.ActiveCfg = Debug|Any CPU
		{87C2CFED-6EA5-4FE2-AF09-1C15EF177EE0}.Debug|Any CPU.Build.0 = Debug|Any CPU
		{87C2CFED-6EA5-4FE2-AF09-1C15EF177EE0}.Release|Any CPU.ActiveCfg = Release|Any CPU
		{87C2CFED-6EA5-4FE2-AF09-1C15EF177EE0}.Release|Any CPU.Build.0 = Release|Any CPU
		{807C447B-F5FB-44AD-B274-E1148A18F643}.Debug|Any CPU.ActiveCfg = Debug|Any CPU
		{807C447B-F5FB-44AD-B274-E1148A18F643}.Debug|Any CPU.Build.0 = Debug|Any CPU
		{807C447B-F5FB-44AD-B274-E1148A18F643}.Release|Any CPU.ActiveCfg = Release|Any CPU
		{807C447B-F5FB-44AD-B274-E1148A18F643}.Release|Any CPU.Build.0 = Release|Any CPU
		{EFF2B2D9-95C2-4337-BF88-5F1ABB0FE8EA}.Debug|Any CPU.ActiveCfg = Debug|Any CPU
		{EFF2B2D9-95C2-4337-BF88-5F1ABB0FE8EA}.Debug|Any CPU.Build.0 = Debug|Any CPU
		{EFF2B2D9-95C2-4337-BF88-5F1ABB0FE8EA}.Release|Any CPU.ActiveCfg = Release|Any CPU
		{EFF2B2D9-95C2-4337-BF88-5F1ABB0FE8EA}.Release|Any CPU.Build.0 = Release|Any CPU
		{F803574E-98D6-406A-B82C-8848869C9127}.Debug|Any CPU.ActiveCfg = Debug|Any CPU
		{F803574E-98D6-406A-B82C-8848869C9127}.Debug|Any CPU.Build.0 = Debug|Any CPU
		{F803574E-98D6-406A-B82C-8848869C9127}.Release|Any CPU.ActiveCfg = Release|Any CPU
		{F803574E-98D6-406A-B82C-8848869C9127}.Release|Any CPU.Build.0 = Release|Any CPU
		{265E02DF-C9FC-4851-BBC9-D0355BB9B759}.Debug|Any CPU.ActiveCfg = Debug|Any CPU
		{265E02DF-C9FC-4851-BBC9-D0355BB9B759}.Debug|Any CPU.Build.0 = Debug|Any CPU
		{265E02DF-C9FC-4851-BBC9-D0355BB9B759}.Release|Any CPU.ActiveCfg = Release|Any CPU
		{265E02DF-C9FC-4851-BBC9-D0355BB9B759}.Release|Any CPU.Build.0 = Release|Any CPU
		{204C39CB-386B-418B-A204-D529AB3C7314}.Debug|Any CPU.ActiveCfg = Debug|Any CPU
		{204C39CB-386B-418B-A204-D529AB3C7314}.Debug|Any CPU.Build.0 = Debug|Any CPU
		{204C39CB-386B-418B-A204-D529AB3C7314}.Release|Any CPU.ActiveCfg = Release|Any CPU
		{204C39CB-386B-418B-A204-D529AB3C7314}.Release|Any CPU.Build.0 = Release|Any CPU
		{E988A0D1-43CA-4E79-8EA6-B30E4CB170F8}.Debug|Any CPU.ActiveCfg = Debug|Any CPU
		{E988A0D1-43CA-4E79-8EA6-B30E4CB170F8}.Debug|Any CPU.Build.0 = Debug|Any CPU
		{E988A0D1-43CA-4E79-8EA6-B30E4CB170F8}.Release|Any CPU.ActiveCfg = Release|Any CPU
		{E988A0D1-43CA-4E79-8EA6-B30E4CB170F8}.Release|Any CPU.Build.0 = Release|Any CPU
		{0AAD54D7-67C6-4654-BBF7-FACD83A93299}.Debug|Any CPU.ActiveCfg = Debug|Any CPU
		{0AAD54D7-67C6-4654-BBF7-FACD83A93299}.Debug|Any CPU.Build.0 = Debug|Any CPU
		{0AAD54D7-67C6-4654-BBF7-FACD83A93299}.Release|Any CPU.ActiveCfg = Release|Any CPU
		{0AAD54D7-67C6-4654-BBF7-FACD83A93299}.Release|Any CPU.Build.0 = Release|Any CPU
		{6ED57843-2168-4963-B147-D611716B0447}.Debug|Any CPU.ActiveCfg = Debug|Any CPU
		{6ED57843-2168-4963-B147-D611716B0447}.Debug|Any CPU.Build.0 = Debug|Any CPU
		{6ED57843-2168-4963-B147-D611716B0447}.Release|Any CPU.ActiveCfg = Release|Any CPU
		{6ED57843-2168-4963-B147-D611716B0447}.Release|Any CPU.Build.0 = Release|Any CPU
		{DCD61C0F-255A-4AC9-9DA5-3BB9199B57DA}.Debug|Any CPU.ActiveCfg = Debug|Any CPU
		{DCD61C0F-255A-4AC9-9DA5-3BB9199B57DA}.Debug|Any CPU.Build.0 = Debug|Any CPU
		{DCD61C0F-255A-4AC9-9DA5-3BB9199B57DA}.Release|Any CPU.ActiveCfg = Release|Any CPU
		{DCD61C0F-255A-4AC9-9DA5-3BB9199B57DA}.Release|Any CPU.Build.0 = Release|Any CPU
		{2222C00C-EC1B-4E9A-8DBC-B1DE22FB5B4D}.Debug|Any CPU.ActiveCfg = Debug|Any CPU
		{2222C00C-EC1B-4E9A-8DBC-B1DE22FB5B4D}.Debug|Any CPU.Build.0 = Debug|Any CPU
		{2222C00C-EC1B-4E9A-8DBC-B1DE22FB5B4D}.Release|Any CPU.ActiveCfg = Release|Any CPU
		{2222C00C-EC1B-4E9A-8DBC-B1DE22FB5B4D}.Release|Any CPU.Build.0 = Release|Any CPU
		{13FD59D9-797C-4006-938B-FC1708B07EB9}.Debug|Any CPU.ActiveCfg = Debug|Any CPU
		{13FD59D9-797C-4006-938B-FC1708B07EB9}.Debug|Any CPU.Build.0 = Debug|Any CPU
		{13FD59D9-797C-4006-938B-FC1708B07EB9}.Release|Any CPU.ActiveCfg = Release|Any CPU
		{13FD59D9-797C-4006-938B-FC1708B07EB9}.Release|Any CPU.Build.0 = Release|Any CPU
		{E8D52439-C341-4C46-A6AE-F112BB56B2E5}.Debug|Any CPU.ActiveCfg = Debug|Any CPU
		{E8D52439-C341-4C46-A6AE-F112BB56B2E5}.Debug|Any CPU.Build.0 = Debug|Any CPU
		{E8D52439-C341-4C46-A6AE-F112BB56B2E5}.Release|Any CPU.ActiveCfg = Release|Any CPU
		{E8D52439-C341-4C46-A6AE-F112BB56B2E5}.Release|Any CPU.Build.0 = Release|Any CPU
		{541D50A2-C5A7-452B-8279-1524520A919B}.Debug|Any CPU.ActiveCfg = Debug|Any CPU
		{541D50A2-C5A7-452B-8279-1524520A919B}.Debug|Any CPU.Build.0 = Debug|Any CPU
		{541D50A2-C5A7-452B-8279-1524520A919B}.Release|Any CPU.ActiveCfg = Release|Any CPU
		{541D50A2-C5A7-452B-8279-1524520A919B}.Release|Any CPU.Build.0 = Release|Any CPU
		{C7624C93-1EB5-4754-B2FF-1ADDBA53CAA2}.Debug|Any CPU.ActiveCfg = Debug|Any CPU
		{C7624C93-1EB5-4754-B2FF-1ADDBA53CAA2}.Debug|Any CPU.Build.0 = Debug|Any CPU
		{C7624C93-1EB5-4754-B2FF-1ADDBA53CAA2}.Release|Any CPU.ActiveCfg = Release|Any CPU
		{C7624C93-1EB5-4754-B2FF-1ADDBA53CAA2}.Release|Any CPU.Build.0 = Release|Any CPU
		{9036B1C1-D424-4DE0-A4E6-65FA1E50B47A}.Debug|Any CPU.ActiveCfg = Debug|Any CPU
		{9036B1C1-D424-4DE0-A4E6-65FA1E50B47A}.Debug|Any CPU.Build.0 = Debug|Any CPU
		{9036B1C1-D424-4DE0-A4E6-65FA1E50B47A}.Release|Any CPU.ActiveCfg = Release|Any CPU
		{9036B1C1-D424-4DE0-A4E6-65FA1E50B47A}.Release|Any CPU.Build.0 = Release|Any CPU
		{F8852DA0-6ECE-488A-828F-CD464A0DE522}.Debug|Any CPU.ActiveCfg = Debug|Any CPU
		{F8852DA0-6ECE-488A-828F-CD464A0DE522}.Debug|Any CPU.Build.0 = Debug|Any CPU
		{F8852DA0-6ECE-488A-828F-CD464A0DE522}.Release|Any CPU.ActiveCfg = Release|Any CPU
		{F8852DA0-6ECE-488A-828F-CD464A0DE522}.Release|Any CPU.Build.0 = Release|Any CPU
		{8F4E8172-BD1C-4881-9F63-E07B97990A43}.Debug|Any CPU.ActiveCfg = Debug|Any CPU
		{8F4E8172-BD1C-4881-9F63-E07B97990A43}.Debug|Any CPU.Build.0 = Debug|Any CPU
		{8F4E8172-BD1C-4881-9F63-E07B97990A43}.Release|Any CPU.ActiveCfg = Release|Any CPU
		{8F4E8172-BD1C-4881-9F63-E07B97990A43}.Release|Any CPU.Build.0 = Release|Any CPU
		{1A94A50E-06DC-43C1-80B5-B662820EC3EB}.Debug|Any CPU.ActiveCfg = Debug|Any CPU
		{1A94A50E-06DC-43C1-80B5-B662820EC3EB}.Debug|Any CPU.Build.0 = Debug|Any CPU
		{1A94A50E-06DC-43C1-80B5-B662820EC3EB}.Release|Any CPU.ActiveCfg = Release|Any CPU
		{1A94A50E-06DC-43C1-80B5-B662820EC3EB}.Release|Any CPU.Build.0 = Release|Any CPU
		{C956DD76-69C8-4A9C-83EA-D17DF83340FD}.Debug|Any CPU.ActiveCfg = Debug|Any CPU
		{C956DD76-69C8-4A9C-83EA-D17DF83340FD}.Debug|Any CPU.Build.0 = Debug|Any CPU
		{C956DD76-69C8-4A9C-83EA-D17DF83340FD}.Release|Any CPU.ActiveCfg = Release|Any CPU
		{C956DD76-69C8-4A9C-83EA-D17DF83340FD}.Release|Any CPU.Build.0 = Release|Any CPU
		{068855E8-9240-4F1A-910B-CF825794513B}.Debug|Any CPU.ActiveCfg = Debug|Any CPU
		{068855E8-9240-4F1A-910B-CF825794513B}.Debug|Any CPU.Build.0 = Debug|Any CPU
		{068855E8-9240-4F1A-910B-CF825794513B}.Release|Any CPU.ActiveCfg = Release|Any CPU
		{068855E8-9240-4F1A-910B-CF825794513B}.Release|Any CPU.Build.0 = Release|Any CPU
		{50B2631D-129C-47B3-A587-029CCD6099BC}.Debug|Any CPU.ActiveCfg = Debug|Any CPU
		{50B2631D-129C-47B3-A587-029CCD6099BC}.Debug|Any CPU.Build.0 = Debug|Any CPU
		{50B2631D-129C-47B3-A587-029CCD6099BC}.Release|Any CPU.ActiveCfg = Release|Any CPU
		{50B2631D-129C-47B3-A587-029CCD6099BC}.Release|Any CPU.Build.0 = Release|Any CPU
		{5F1B28C6-8D0C-4155-92D0-252F7EA5F674}.Debug|Any CPU.ActiveCfg = Debug|Any CPU
		{5F1B28C6-8D0C-4155-92D0-252F7EA5F674}.Debug|Any CPU.Build.0 = Debug|Any CPU
		{5F1B28C6-8D0C-4155-92D0-252F7EA5F674}.Release|Any CPU.ActiveCfg = Release|Any CPU
		{5F1B28C6-8D0C-4155-92D0-252F7EA5F674}.Release|Any CPU.Build.0 = Release|Any CPU
		{42F719ED-8413-4895-B5B4-5AB56079BC66}.Debug|Any CPU.ActiveCfg = Debug|Any CPU
		{42F719ED-8413-4895-B5B4-5AB56079BC66}.Debug|Any CPU.Build.0 = Debug|Any CPU
		{42F719ED-8413-4895-B5B4-5AB56079BC66}.Release|Any CPU.ActiveCfg = Release|Any CPU
		{42F719ED-8413-4895-B5B4-5AB56079BC66}.Release|Any CPU.Build.0 = Release|Any CPU
		{520659C8-C734-4298-A3DA-B539DB9DFC0B}.Debug|Any CPU.ActiveCfg = Debug|Any CPU
		{520659C8-C734-4298-A3DA-B539DB9DFC0B}.Debug|Any CPU.Build.0 = Debug|Any CPU
		{520659C8-C734-4298-A3DA-B539DB9DFC0B}.Release|Any CPU.ActiveCfg = Release|Any CPU
		{520659C8-C734-4298-A3DA-B539DB9DFC0B}.Release|Any CPU.Build.0 = Release|Any CPU
		{4164BDF7-F527-4E85-9CE6-E3C2D7426A27}.Debug|Any CPU.ActiveCfg = Debug|Any CPU
		{4164BDF7-F527-4E85-9CE6-E3C2D7426A27}.Debug|Any CPU.Build.0 = Debug|Any CPU
		{4164BDF7-F527-4E85-9CE6-E3C2D7426A27}.Release|Any CPU.ActiveCfg = Release|Any CPU
		{4164BDF7-F527-4E85-9CE6-E3C2D7426A27}.Release|Any CPU.Build.0 = Release|Any CPU
		{3B5A0094-670D-4BB1-BFDD-61B88A8773DC}.Debug|Any CPU.ActiveCfg = Debug|Any CPU
		{3B5A0094-670D-4BB1-BFDD-61B88A8773DC}.Debug|Any CPU.Build.0 = Debug|Any CPU
		{3B5A0094-670D-4BB1-BFDD-61B88A8773DC}.Release|Any CPU.ActiveCfg = Release|Any CPU
		{3B5A0094-670D-4BB1-BFDD-61B88A8773DC}.Release|Any CPU.Build.0 = Release|Any CPU
		{1FE30EB9-74A9-47F5-A9F6-7B1FAB672D81}.Debug|Any CPU.ActiveCfg = Debug|Any CPU
		{1FE30EB9-74A9-47F5-A9F6-7B1FAB672D81}.Debug|Any CPU.Build.0 = Debug|Any CPU
		{1FE30EB9-74A9-47F5-A9F6-7B1FAB672D81}.Release|Any CPU.ActiveCfg = Release|Any CPU
		{1FE30EB9-74A9-47F5-A9F6-7B1FAB672D81}.Release|Any CPU.Build.0 = Release|Any CPU
		{91853F21-9CD9-4132-BC29-A7D5D84FFFE7}.Debug|Any CPU.ActiveCfg = Debug|Any CPU
		{91853F21-9CD9-4132-BC29-A7D5D84FFFE7}.Debug|Any CPU.Build.0 = Debug|Any CPU
		{91853F21-9CD9-4132-BC29-A7D5D84FFFE7}.Release|Any CPU.ActiveCfg = Release|Any CPU
		{91853F21-9CD9-4132-BC29-A7D5D84FFFE7}.Release|Any CPU.Build.0 = Release|Any CPU
		{E512F4D9-9375-480F-A2F6-A46509F9D824}.Debug|Any CPU.ActiveCfg = Debug|Any CPU
		{E512F4D9-9375-480F-A2F6-A46509F9D824}.Debug|Any CPU.Build.0 = Debug|Any CPU
		{E512F4D9-9375-480F-A2F6-A46509F9D824}.Release|Any CPU.ActiveCfg = Release|Any CPU
		{E512F4D9-9375-480F-A2F6-A46509F9D824}.Release|Any CPU.Build.0 = Release|Any CPU
		{EF480016-9127-4916-8735-D2466BDBC582}.Debug|Any CPU.ActiveCfg = Debug|Any CPU
		{EF480016-9127-4916-8735-D2466BDBC582}.Debug|Any CPU.Build.0 = Debug|Any CPU
		{EF480016-9127-4916-8735-D2466BDBC582}.Release|Any CPU.ActiveCfg = Release|Any CPU
		{EF480016-9127-4916-8735-D2466BDBC582}.Release|Any CPU.Build.0 = Release|Any CPU
		{AA94D832-1CCC-4715-95A9-A483F23A1A5D}.Debug|Any CPU.ActiveCfg = Debug|Any CPU
		{AA94D832-1CCC-4715-95A9-A483F23A1A5D}.Debug|Any CPU.Build.0 = Debug|Any CPU
		{AA94D832-1CCC-4715-95A9-A483F23A1A5D}.Release|Any CPU.ActiveCfg = Release|Any CPU
		{AA94D832-1CCC-4715-95A9-A483F23A1A5D}.Release|Any CPU.Build.0 = Release|Any CPU
	EndGlobalSection
	GlobalSection(SolutionProperties) = preSolution
		HideSolutionNode = FALSE
	EndGlobalSection
	GlobalSection(NestedProjects) = preSolution
		{554AD327-6DBA-4F8F-96F8-81CE7A0C863F} = {CA9AC87F-097E-4F15-8393-4BC07735A5B0}
		{229D2D27-4651-446C-9C1E-AD9A667F06D6} = {E610B05F-AD37-4F67-ADF5-4A7CF3CCE1E6}
		{82F9D37F-EC29-467B-8E44-39E3E79B52C8} = {E610B05F-AD37-4F67-ADF5-4A7CF3CCE1E6}
		{C376D223-2F36-46F6-83CE-C9DE6BA89FC4} = {E610B05F-AD37-4F67-ADF5-4A7CF3CCE1E6}
		{E543E39A-E922-4B41-8C24-E0B91B8995B8} = {E610B05F-AD37-4F67-ADF5-4A7CF3CCE1E6}
		{ED0B4E66-2A9D-4871-AEAE-0B8DF0E8F46D} = {E610B05F-AD37-4F67-ADF5-4A7CF3CCE1E6}
		{BB1BCF97-A282-421E-B919-9FAE8B18CAF6} = {AC7FBDB4-0CA9-4C41-8ECD-28BB24A68A19}
		{A2090782-194B-4EF6-BB01-B077BBF74437} = {AC7FBDB4-0CA9-4C41-8ECD-28BB24A68A19}
		{AE588689-6C80-4087-BF0D-D809684635BC} = {AC7FBDB4-0CA9-4C41-8ECD-28BB24A68A19}
		{C5AE1436-5757-4235-83AA-459E2E4DDE1B} = {AC7FBDB4-0CA9-4C41-8ECD-28BB24A68A19}
		{0724E9CD-2F59-40FC-B132-162629AB0516} = {AC7FBDB4-0CA9-4C41-8ECD-28BB24A68A19}
		{C5388250-ACD1-4AB3-BE99-52982DBF7BC4} = {AC7FBDB4-0CA9-4C41-8ECD-28BB24A68A19}
		{2350F64A-4247-48EE-9F16-6AAE0ACC512E} = {AC7FBDB4-0CA9-4C41-8ECD-28BB24A68A19}
		{DAEA701D-36A8-4200-8E48-758368168A19} = {AC7FBDB4-0CA9-4C41-8ECD-28BB24A68A19}
		{A8042667-738B-486F-99B5-14A4FDB13F67} = {AC7FBDB4-0CA9-4C41-8ECD-28BB24A68A19}
		{E610B05F-AD37-4F67-ADF5-4A7CF3CCE1E6} = {04DBDB01-70F4-4E06-B468-8F87850B22BE}
		{AC7FBDB4-0CA9-4C41-8ECD-28BB24A68A19} = {FB74C484-8127-4404-BBA0-34136E89E9FD}
		{1000480E-FED4-4459-9CAF-7297C89A751C} = {7EFA57E7-90D0-42EE-864A-A0A70E5FE355}
		{79487B50-0FAD-4BEA-8536-DAC2951D9733} = {7EFA57E7-90D0-42EE-864A-A0A70E5FE355}
		{BF546720-9CDA-4B46-A1B5-F83B75FAECE1} = {7EFA57E7-90D0-42EE-864A-A0A70E5FE355}
		{43451CCC-6B09-4B06-9D48-263BDE075999} = {7EFA57E7-90D0-42EE-864A-A0A70E5FE355}
		{B72528FD-7CC8-4778-BCC2-659CF6057DED} = {7EFA57E7-90D0-42EE-864A-A0A70E5FE355}
		{FB67D134-61DE-4178-8FCA-50EA3AB27C1D} = {30BCD36D-2E9C-455D-AE21-C06F20DE1D8E}
		{F1E01505-7CBE-4B61-AB7C-44C07757B22F} = {30BCD36D-2E9C-455D-AE21-C06F20DE1D8E}
		{F0BB899E-995D-477B-9CA9-7F3F23FB95DC} = {30BCD36D-2E9C-455D-AE21-C06F20DE1D8E}
		{7F610334-8A94-489F-A5B5-AEDECD0F03A2} = {30BCD36D-2E9C-455D-AE21-C06F20DE1D8E}
		{7E431A25-49BA-42E7-8625-752E20C2984C} = {30BCD36D-2E9C-455D-AE21-C06F20DE1D8E}
		{87C2CFED-6EA5-4FE2-AF09-1C15EF177EE0} = {30BCD36D-2E9C-455D-AE21-C06F20DE1D8E}
		{807C447B-F5FB-44AD-B274-E1148A18F643} = {30BCD36D-2E9C-455D-AE21-C06F20DE1D8E}
		{EFF2B2D9-95C2-4337-BF88-5F1ABB0FE8EA} = {30BCD36D-2E9C-455D-AE21-C06F20DE1D8E}
		{F803574E-98D6-406A-B82C-8848869C9127} = {30BCD36D-2E9C-455D-AE21-C06F20DE1D8E}
		{7EFA57E7-90D0-42EE-864A-A0A70E5FE355} = {04DBDB01-70F4-4E06-B468-8F87850B22BE}
		{30BCD36D-2E9C-455D-AE21-C06F20DE1D8E} = {FB74C484-8127-4404-BBA0-34136E89E9FD}
		{265E02DF-C9FC-4851-BBC9-D0355BB9B759} = {437151C7-915B-4700-A897-CD9F6409E4C5}
		{204C39CB-386B-418B-A204-D529AB3C7314} = {437151C7-915B-4700-A897-CD9F6409E4C5}
		{E988A0D1-43CA-4E79-8EA6-B30E4CB170F8} = {437151C7-915B-4700-A897-CD9F6409E4C5}
		{0AAD54D7-67C6-4654-BBF7-FACD83A93299} = {437151C7-915B-4700-A897-CD9F6409E4C5}
		{6ED57843-2168-4963-B147-D611716B0447} = {437151C7-915B-4700-A897-CD9F6409E4C5}
		{DCD61C0F-255A-4AC9-9DA5-3BB9199B57DA} = {3B6DA6A3-D31E-4045-8ED3-417EAC127AFE}
		{2222C00C-EC1B-4E9A-8DBC-B1DE22FB5B4D} = {3B6DA6A3-D31E-4045-8ED3-417EAC127AFE}
		{13FD59D9-797C-4006-938B-FC1708B07EB9} = {3B6DA6A3-D31E-4045-8ED3-417EAC127AFE}
		{E8D52439-C341-4C46-A6AE-F112BB56B2E5} = {3B6DA6A3-D31E-4045-8ED3-417EAC127AFE}
		{541D50A2-C5A7-452B-8279-1524520A919B} = {3B6DA6A3-D31E-4045-8ED3-417EAC127AFE}
		{C7624C93-1EB5-4754-B2FF-1ADDBA53CAA2} = {3B6DA6A3-D31E-4045-8ED3-417EAC127AFE}
		{9036B1C1-D424-4DE0-A4E6-65FA1E50B47A} = {3B6DA6A3-D31E-4045-8ED3-417EAC127AFE}
		{F8852DA0-6ECE-488A-828F-CD464A0DE522} = {3B6DA6A3-D31E-4045-8ED3-417EAC127AFE}
		{8F4E8172-BD1C-4881-9F63-E07B97990A43} = {3B6DA6A3-D31E-4045-8ED3-417EAC127AFE}
		{437151C7-915B-4700-A897-CD9F6409E4C5} = {04DBDB01-70F4-4E06-B468-8F87850B22BE}
		{3B6DA6A3-D31E-4045-8ED3-417EAC127AFE} = {FB74C484-8127-4404-BBA0-34136E89E9FD}
		{1A94A50E-06DC-43C1-80B5-B662820EC3EB} = {CA9AC87F-097E-4F15-8393-4BC07735A5B0}
		{C956DD76-69C8-4A9C-83EA-D17DF83340FD} = {CA9AC87F-097E-4F15-8393-4BC07735A5B0}
		{068855E8-9240-4F1A-910B-CF825794513B} = {CA9AC87F-097E-4F15-8393-4BC07735A5B0}
		{50B2631D-129C-47B3-A587-029CCD6099BC} = {04DBDB01-70F4-4E06-B468-8F87850B22BE}
		{5F1B28C6-8D0C-4155-92D0-252F7EA5F674} = {04DBDB01-70F4-4E06-B468-8F87850B22BE}
		{42F719ED-8413-4895-B5B4-5AB56079BC66} = {CA9AC87F-097E-4F15-8393-4BC07735A5B0}
		{520659C8-C734-4298-A3DA-B539DB9DFC0B} = {CA9AC87F-097E-4F15-8393-4BC07735A5B0}
		{4164BDF7-F527-4E85-9CE6-E3C2D7426A27} = {CA9AC87F-097E-4F15-8393-4BC07735A5B0}
		{3B5A0094-670D-4BB1-BFDD-61B88A8773DC} = {CA9AC87F-097E-4F15-8393-4BC07735A5B0}
		{1FE30EB9-74A9-47F5-A9F6-7B1FAB672D81} = {04DBDB01-70F4-4E06-B468-8F87850B22BE}
		{91853F21-9CD9-4132-BC29-A7D5D84FFFE7} = {04DBDB01-70F4-4E06-B468-8F87850B22BE}
		{E512F4D9-9375-480F-A2F6-A46509F9D824} = {04DBDB01-70F4-4E06-B468-8F87850B22BE}
		{EF480016-9127-4916-8735-D2466BDBC582} = {04DBDB01-70F4-4E06-B468-8F87850B22BE}
		{AA94D832-1CCC-4715-95A9-A483F23A1A5D} = {CA9AC87F-097E-4F15-8393-4BC07735A5B0}
	EndGlobalSection
	GlobalSection(ExtensibilityGlobals) = postSolution
		SolutionGuid = {3B872774-8930-51D2-22F9-D01116A0B17F}
	EndGlobalSection
EndGlobal
